
Microsoft Visual Studio Solution File, Format Version 12.00
# Visual Studio Version 17
VisualStudioVersion = 17.2.32630.192
MinimumVisualStudioVersion = 10.0.40219.1
Project("{FAE04EC0-301F-11D3-BF4B-00C04F79EFBC}") = "NumberAfterString", "NumberAfterString\NumberAfterString.csproj", "{7B4B06EE-C110-49A0-B166-A20CB1026B50}"
EndProject
Global
	GlobalSection(SolutionConfigurationPlatforms) = preSolution
		Debug|Any CPU = Debug|Any CPU
		Release|Any CPU = Release|Any CPU
	EndGlobalSection
	GlobalSection(ProjectConfigurationPlatforms) = postSolution
		{7B4B06EE-C110-49A0-B166-A20CB1026B50}.Debug|Any CPU.ActiveCfg = Debug|Any CPU
		{7B4B06EE-C110-49A0-B166-A20CB1026B50}.Debug|Any CPU.Build.0 = Debug|Any CPU
		{7B4B06EE-C110-49A0-B166-A20CB1026B50}.Release|Any CPU.ActiveCfg = Release|Any CPU
		{7B4B06EE-C110-49A0-B166-A20CB1026B50}.Release|Any CPU.Build.0 = Release|Any CPU
	EndGlobalSection
	GlobalSection(SolutionProperties) = preSolution
		HideSolutionNode = FALSE
	EndGlobalSection
	GlobalSection(ExtensibilityGlobals) = postSolution
		SolutionGuid = {6FD66AAE-FE71-4E7A-8B35-BB6E50C8B986}
	EndGlobalSection
EndGlobal
